
Microsoft Visual Studio Solution File, Format Version 12.00
# Visual Studio Version 16
VisualStudioVersion = 16.0.30717.126
MinimumVisualStudioVersion = 10.0.40219.1
Project("{FAE04EC0-301F-11D3-BF4B-00C04F79EFBC}") = "LabelLoader", "LabelLoader\LabelLoader.csproj", "{D49589CE-1D69-4CB9-98DF-46155DB2E9DC}"
EndProject
Global
	GlobalSection(SolutionConfigurationPlatforms) = preSolution
		Debug|Any CPU = Debug|Any CPU
		Release|Any CPU = Release|Any CPU
	EndGlobalSection
	GlobalSection(ProjectConfigurationPlatforms) = postSolution
		{D49589CE-1D69-4CB9-98DF-46155DB2E9DC}.Debug|Any CPU.ActiveCfg = Debug|Any CPU
		{D49589CE-1D69-4CB9-98DF-46155DB2E9DC}.Debug|Any CPU.Build.0 = Debug|Any CPU
		{D49589CE-1D69-4CB9-98DF-46155DB2E9DC}.Release|Any CPU.ActiveCfg = Release|Any CPU
		{D49589CE-1D69-4CB9-98DF-46155DB2E9DC}.Release|Any CPU.Build.0 = Release|Any CPU
	EndGlobalSection
	GlobalSection(SolutionProperties) = preSolution
		HideSolutionNode = FALSE
	EndGlobalSection
	GlobalSection(ExtensibilityGlobals) = postSolution
		SolutionGuid = {17CC0A1A-D330-4659-8D04-33513B137E0B}
	EndGlobalSection
EndGlobal
